
Microsoft Visual Studio Solution File, Format Version 12.00
# Visual Studio 2012
Project("{FAE04EC0-301F-11D3-BF4B-00C04F79EFBC}") = "Oovie.Web.UI", "Oovie.Web.UI\Oovie.Web.UI.csproj", "{F57BDE7B-F6EB-43FC-B289-BE1DFA2F220D}"
EndProject
Project("{FAE04EC0-301F-11D3-BF4B-00C04F79EFBC}") = "Oovie.Messages", "Oovie.Messages\Oovie.Messages.csproj", "{FA2D3F69-5A0C-4B65-A021-04EB4CA0BF92}"
EndProject
Project("{FAE04EC0-301F-11D3-BF4B-00C04F79EFBC}") = "Oovie.Host", "Oovie.Host\Oovie.Host.csproj", "{A1151A73-C693-48E5-A44D-37DAD4B53D48}"
EndProject
Project("{FAE04EC0-301F-11D3-BF4B-00C04F79EFBC}") = "Oovie.ProductCatalog", "Oovie.ProductCatalog\Oovie.ProductCatalog.csproj", "{4EDFAC8A-7556-4B4F-8CBC-70A81BC771FF}"
EndProject
Global
	GlobalSection(SolutionConfigurationPlatforms) = preSolution
		Debug|Any CPU = Debug|Any CPU
		Release|Any CPU = Release|Any CPU
	EndGlobalSection
	GlobalSection(ProjectConfigurationPlatforms) = postSolution
		{F57BDE7B-F6EB-43FC-B289-BE1DFA2F220D}.Debug|Any CPU.ActiveCfg = Debug|Any CPU
		{F57BDE7B-F6EB-43FC-B289-BE1DFA2F220D}.Debug|Any CPU.Build.0 = Debug|Any CPU
		{F57BDE7B-F6EB-43FC-B289-BE1DFA2F220D}.Release|Any CPU.ActiveCfg = Release|Any CPU
		{F57BDE7B-F6EB-43FC-B289-BE1DFA2F220D}.Release|Any CPU.Build.0 = Release|Any CPU
		{FA2D3F69-5A0C-4B65-A021-04EB4CA0BF92}.Debug|Any CPU.ActiveCfg = Debug|Any CPU
		{FA2D3F69-5A0C-4B65-A021-04EB4CA0BF92}.Debug|Any CPU.Build.0 = Debug|Any CPU
		{FA2D3F69-5A0C-4B65-A021-04EB4CA0BF92}.Release|Any CPU.ActiveCfg = Release|Any CPU
		{FA2D3F69-5A0C-4B65-A021-04EB4CA0BF92}.Release|Any CPU.Build.0 = Release|Any CPU
		{A1151A73-C693-48E5-A44D-37DAD4B53D48}.Debug|Any CPU.ActiveCfg = Debug|Any CPU
		{A1151A73-C693-48E5-A44D-37DAD4B53D48}.Debug|Any CPU.Build.0 = Debug|Any CPU
		{A1151A73-C693-48E5-A44D-37DAD4B53D48}.Release|Any CPU.ActiveCfg = Release|Any CPU
		{A1151A73-C693-48E5-A44D-37DAD4B53D48}.Release|Any CPU.Build.0 = Release|Any CPU
		{4EDFAC8A-7556-4B4F-8CBC-70A81BC771FF}.Debug|Any CPU.ActiveCfg = Debug|Any CPU
		{4EDFAC8A-7556-4B4F-8CBC-70A81BC771FF}.Debug|Any CPU.Build.0 = Debug|Any CPU
		{4EDFAC8A-7556-4B4F-8CBC-70A81BC771FF}.Release|Any CPU.ActiveCfg = Release|Any CPU
		{4EDFAC8A-7556-4B4F-8CBC-70A81BC771FF}.Release|Any CPU.Build.0 = Release|Any CPU
	EndGlobalSection
	GlobalSection(SolutionProperties) = preSolution
		HideSolutionNode = FALSE
	EndGlobalSection
EndGlobal
